
Microsoft Visual Studio Solution File, Format Version 12.00
# Visual Studio 2013
VisualStudioVersion = 12.0.21005.1
MinimumVisualStudioVersion = 10.0.40219.1
Project("{FAE04EC0-301F-11D3-BF4B-00C04F79EFBC}") = "WebTerminalClient", "WebTerminalClient\WebTerminalClient.csproj", "{FAA64DEF-9C8E-4304-B842-9248558CA4AD}"
	ProjectSection(ProjectDependencies) = postProject
		{3F21089E-1A48-4BEB-8D37-D2F22F72AA79} = {3F21089E-1A48-4BEB-8D37-D2F22F72AA79}
	EndProjectSection
EndProject
Project("{FAE04EC0-301F-11D3-BF4B-00C04F79EFBC}") = "WebTerminalServer", "WebTerminalServer\WebTerminalServer.csproj", "{3F21089E-1A48-4BEB-8D37-D2F22F72AA79}"
EndProject
Global
	GlobalSection(SolutionConfigurationPlatforms) = preSolution
		Debug|Any CPU = Debug|Any CPU
		Release|Any CPU = Release|Any CPU
	EndGlobalSection
	GlobalSection(ProjectConfigurationPlatforms) = postSolution
		{FAA64DEF-9C8E-4304-B842-9248558CA4AD}.Debug|Any CPU.ActiveCfg = Debug|Any CPU
		{FAA64DEF-9C8E-4304-B842-9248558CA4AD}.Debug|Any CPU.Build.0 = Debug|Any CPU
		{FAA64DEF-9C8E-4304-B842-9248558CA4AD}.Release|Any CPU.ActiveCfg = Release|Any CPU
		{FAA64DEF-9C8E-4304-B842-9248558CA4AD}.Release|Any CPU.Build.0 = Release|Any CPU
		{3F21089E-1A48-4BEB-8D37-D2F22F72AA79}.Debug|Any CPU.ActiveCfg = Debug|Any CPU
		{3F21089E-1A48-4BEB-8D37-D2F22F72AA79}.Debug|Any CPU.Build.0 = Debug|Any CPU
		{3F21089E-1A48-4BEB-8D37-D2F22F72AA79}.Release|Any CPU.ActiveCfg = Release|Any CPU
		{3F21089E-1A48-4BEB-8D37-D2F22F72AA79}.Release|Any CPU.Build.0 = Release|Any CPU
	EndGlobalSection
	GlobalSection(SolutionProperties) = preSolution
		HideSolutionNode = FALSE
	EndGlobalSection
EndGlobal
